
Microsoft Visual Studio Solution File, Format Version 12.00
# Visual Studio Version 17
VisualStudioVersion = 17.4.33213.308
MinimumVisualStudioVersion = 10.0.40219.1
Project("{FAE04EC0-301F-11D3-BF4B-00C04F79EFBC}") = "ShoppingApp", "ShoppingApp\ShoppingApp.csproj", "{D9673467-F960-4C90-9DB3-DD3B56E2596A}"
EndProject
Project("{9A19103F-16F7-4668-BE54-9A1E7A4F7556}") = "MINI Project(e-commerce)", "..\MINI Project(e-commerce)\MINI Project(e-commerce)\MINI Project(e-commerce).csproj", "{C9FC484E-E1B4-4424-A662-94C0C3DDF6B5}"
EndProject
Project("{FAE04EC0-301F-11D3-BF4B-00C04F79EFBC}") = "shoppingstore", "D:\CDAC\.NET MINI PROJECT\protoshop\shoppingstore.csproj", "{4824BD1B-ED4F-49C4-A658-12EBA4D7F49C}"
EndProject
Global
	GlobalSection(SolutionConfigurationPlatforms) = preSolution
		Debug|Any CPU = Debug|Any CPU
		Release|Any CPU = Release|Any CPU
	EndGlobalSection
	GlobalSection(ProjectConfigurationPlatforms) = postSolution
		{D9673467-F960-4C90-9DB3-DD3B56E2596A}.Debug|Any CPU.ActiveCfg = Debug|Any CPU
		{D9673467-F960-4C90-9DB3-DD3B56E2596A}.Debug|Any CPU.Build.0 = Debug|Any CPU
		{D9673467-F960-4C90-9DB3-DD3B56E2596A}.Release|Any CPU.ActiveCfg = Release|Any CPU
		{D9673467-F960-4C90-9DB3-DD3B56E2596A}.Release|Any CPU.Build.0 = Release|Any CPU
		{C9FC484E-E1B4-4424-A662-94C0C3DDF6B5}.Debug|Any CPU.ActiveCfg = Debug|Any CPU
		{C9FC484E-E1B4-4424-A662-94C0C3DDF6B5}.Debug|Any CPU.Build.0 = Debug|Any CPU
		{C9FC484E-E1B4-4424-A662-94C0C3DDF6B5}.Release|Any CPU.ActiveCfg = Release|Any CPU
		{C9FC484E-E1B4-4424-A662-94C0C3DDF6B5}.Release|Any CPU.Build.0 = Release|Any CPU
		{4824BD1B-ED4F-49C4-A658-12EBA4D7F49C}.Debug|Any CPU.ActiveCfg = Debug|Any CPU
		{4824BD1B-ED4F-49C4-A658-12EBA4D7F49C}.Debug|Any CPU.Build.0 = Debug|Any CPU
		{4824BD1B-ED4F-49C4-A658-12EBA4D7F49C}.Release|Any CPU.ActiveCfg = Release|Any CPU
		{4824BD1B-ED4F-49C4-A658-12EBA4D7F49C}.Release|Any CPU.Build.0 = Release|Any CPU
	EndGlobalSection
	GlobalSection(SolutionProperties) = preSolution
		HideSolutionNode = FALSE
	EndGlobalSection
	GlobalSection(ExtensibilityGlobals) = postSolution
		SolutionGuid = {3A5E8738-87D9-41F1-AD86-20D83E43AF81}
	EndGlobalSection
EndGlobal
